
Microsoft Visual Studio Solution File, Format Version 12.00
# Visual Studio Version 17
VisualStudioVersion = 17.8.34330.188
MinimumVisualStudioVersion = 10.0.40219.1
Project("{FAE04EC0-301F-11D3-BF4B-00C04F79EFBC}") = "hw7", "hw7\hw7.csproj", "{AD3079F7-DAF4-4931-A01B-8F3172093560}"
EndProject
Global
	GlobalSection(SolutionConfigurationPlatforms) = preSolution
		Debug|Any CPU = Debug|Any CPU
		Release|Any CPU = Release|Any CPU
	EndGlobalSection
	GlobalSection(ProjectConfigurationPlatforms) = postSolution
		{AD3079F7-DAF4-4931-A01B-8F3172093560}.Debug|Any CPU.ActiveCfg = Debug|Any CPU
		{AD3079F7-DAF4-4931-A01B-8F3172093560}.Debug|Any CPU.Build.0 = Debug|Any CPU
		{AD3079F7-DAF4-4931-A01B-8F3172093560}.Release|Any CPU.ActiveCfg = Release|Any CPU
		{AD3079F7-DAF4-4931-A01B-8F3172093560}.Release|Any CPU.Build.0 = Release|Any CPU
	EndGlobalSection
	GlobalSection(SolutionProperties) = preSolution
		HideSolutionNode = FALSE
	EndGlobalSection
	GlobalSection(ExtensibilityGlobals) = postSolution
		SolutionGuid = {146FC983-18FB-463D-8596-45F9D001E2AD}
	EndGlobalSection
EndGlobal
